{
  "name": "maciej.co",
  "version": "1.0.0",
  "lockfileVersion": 1,
  "requires": true,
  "dependencies": {
    "gatsby": {
      "version": "1.0.0-beta.4-alpha.83182d4c",
      "resolved": "https://registry.npmjs.org/gatsby/-/gatsby-1.0.0-beta.4-alpha.83182d4c.tgz",
      "integrity": "sha1-NPWhDLp1K+mo737OUngDzxxQTUM="
    },
    "gatsby-link": {
      "version": "1.0.0-beta.4-alpha.83182d4c",
      "resolved": "https://registry.npmjs.org/gatsby-link/-/gatsby-link-1.0.0-beta.4-alpha.83182d4c.tgz",
      "integrity": "sha1-Mbj9YeslJ+QRkqpKKuFvW5IgLKY="
    },
    "gatsby-plugin-sass": {
      "version": "1.0.0-beta.4-alpha.83182d4c",
      "resolved": "https://registry.npmjs.org/gatsby-plugin-sass/-/gatsby-plugin-sass-1.0.0-beta.4-alpha.83182d4c.tgz",
      "integrity": "sha1-XrHA/bcsS72Vu53MnTlYvczu7fA="
    },
    "react-headroom": {
      "version": "2.1.5",
      "resolved": "https://registry.npmjs.org/react-headroom/-/react-headroom-2.1.5.tgz",
      "integrity": "sha1-fbLNna5Zf8zAoBAoHlWmSeZo+ro="
    },
    "react-slick": {
      "version": "0.14.11",
      "resolved": "https://registry.npmjs.org/react-slick/-/react-slick-0.14.11.tgz",
      "integrity": "sha1-wsvb43KMZqL/SSm+ltRX4+oNgPM="
    }
  }
}
